
Microsoft Visual Studio Solution File, Format Version 12.00
# Visual Studio 2013
VisualStudioVersion = 12.0.31101.0
MinimumVisualStudioVersion = 10.0.40219.1
Project("{FAE04EC0-301F-11D3-BF4B-00C04F79EFBC}") = "Build", "Build.csproj", "{8E8483DE-BB83-4B15-BD3C-61202ABD2C63}"
EndProject
Project("{2150E333-8FDC-42A3-9474-1A3956D46DE8}") = ".nuget", ".nuget", "{A2A15C10-BD5F-4CB8-A7E1-D2BF68FA68DC}"
EndProject
Global
	GlobalSection(SolutionConfigurationPlatforms) = preSolution
		Debug|Any CPU = Debug|Any CPU
		Release|Any CPU = Release|Any CPU
	EndGlobalSection
	GlobalSection(ProjectConfigurationPlatforms) = postSolution
		{8E8483DE-BB83-4B15-BD3C-61202ABD2C63}.Debug|Any CPU.ActiveCfg = Debug|Any CPU
		{8E8483DE-BB83-4B15-BD3C-61202ABD2C63}.Debug|Any CPU.Build.0 = Debug|Any CPU
		{8E8483DE-BB83-4B15-BD3C-61202ABD2C63}.Release|Any CPU.ActiveCfg = Release|Any CPU
		{8E8483DE-BB83-4B15-BD3C-61202ABD2C63}.Release|Any CPU.Build.0 = Release|Any CPU
	EndGlobalSection
	GlobalSection(SolutionProperties) = preSolution
		HideSolutionNode = FALSE
	EndGlobalSection
EndGlobal
